
Microsoft Visual Studio Solution File, Format Version 12.00
# Visual Studio 15
VisualStudioVersion = 15.0.28010.2016
MinimumVisualStudioVersion = 10.0.40219.1
Project("{FAE04EC0-301F-11D3-BF4B-00C04F79EFBC}") = "Horses", "Horses\Horses.csproj", "{3563DE85-46E4-4CC7-AC3B-75783E758871}"
EndProject
Global
	GlobalSection(SolutionConfigurationPlatforms) = preSolution
		Debug|Any CPU = Debug|Any CPU
		Release|Any CPU = Release|Any CPU
	EndGlobalSection
	GlobalSection(ProjectConfigurationPlatforms) = postSolution
		{3563DE85-46E4-4CC7-AC3B-75783E758871}.Debug|Any CPU.ActiveCfg = Debug|Any CPU
		{3563DE85-46E4-4CC7-AC3B-75783E758871}.Debug|Any CPU.Build.0 = Debug|Any CPU
		{3563DE85-46E4-4CC7-AC3B-75783E758871}.Release|Any CPU.ActiveCfg = Release|Any CPU
		{3563DE85-46E4-4CC7-AC3B-75783E758871}.Release|Any CPU.Build.0 = Release|Any CPU
	EndGlobalSection
	GlobalSection(SolutionProperties) = preSolution
		HideSolutionNode = FALSE
	EndGlobalSection
	GlobalSection(ExtensibilityGlobals) = postSolution
		SolutionGuid = {579837D5-77C7-48FC-B90C-D2BEAFEB24EA}
	EndGlobalSection
EndGlobal
